<?xml version="1.0" encoding="utf-8"?>
<Project ToolsVersion="16.0" xmlns="http://schemas.microsoft.com/developer/msbuild/2003">
  <ItemGroup>
    <ClCompile Include="R:\markdown\cpp\builds\build_pybind11\fundamental.cpp">
      <Filter>Source Files</Filter>
    </ClCompile>
  </ItemGroup>
  <ItemGroup>
    <CustomBuild Include="R:\markdown\cpp\builds\build_pybind11\CMakeLists.txt" />
  </ItemGroup>
  <ItemGroup>
    <Filter Include="Source Files">
      <UniqueIdentifier>{0DC8A4FE-AAB9-3C90-A008-2737B649C430}</UniqueIdentifier>
    </Filter>
  </ItemGroup>
</Project>
